
Microsoft Visual Studio Solution File, Format Version 12.00
# Visual Studio Version 16
VisualStudioVersion = 16.0.28729.10
MinimumVisualStudioVersion = 10.0.40219.1
Project("{FAE04EC0-301F-11D3-BF4B-00C04F79EFBC}") = "Afo", "Afo.csproj", "{2A3A2762-EB83-476E-93C7-39171B4A1C75}"
EndProject
Global
	GlobalSection(SolutionConfigurationPlatforms) = preSolution
		Debug|Any CPU = Debug|Any CPU
		Release|Any CPU = Release|Any CPU
	EndGlobalSection
	GlobalSection(ProjectConfigurationPlatforms) = postSolution
		{2A3A2762-EB83-476E-93C7-39171B4A1C75}.Debug|Any CPU.ActiveCfg = Debug|Any CPU
		{2A3A2762-EB83-476E-93C7-39171B4A1C75}.Debug|Any CPU.Build.0 = Debug|Any CPU
		{2A3A2762-EB83-476E-93C7-39171B4A1C75}.Release|Any CPU.ActiveCfg = Release|Any CPU
		{2A3A2762-EB83-476E-93C7-39171B4A1C75}.Release|Any CPU.Build.0 = Release|Any CPU
	EndGlobalSection
	GlobalSection(SolutionProperties) = preSolution
		HideSolutionNode = FALSE
	EndGlobalSection
	GlobalSection(ExtensibilityGlobals) = postSolution
		SolutionGuid = {72A830D7-587A-4280-AB01-1C970A4053DC}
	EndGlobalSection
EndGlobal
